
Microsoft Visual Studio Solution File, Format Version 12.00
# Visual Studio Version 16
VisualStudioVersion = 16.0.31105.61
MinimumVisualStudioVersion = 10.0.40219.1
Project("{9A19103F-16F7-4668-BE54-9A1E7A4F7556}") = "SonarTest", "SonarTest\SonarTest.csproj", "{87BC9344-1A15-45EF-A389-3FD48E979ECD}"
EndProject
Project("{9A19103F-16F7-4668-BE54-9A1E7A4F7556}") = "SonarTest.Test", "SonarTest.Test\SonarTest.Test.csproj", "{C3B52C32-EDAF-4CE5-9457-2EFC8B104102}"
EndProject
Global
	GlobalSection(SolutionConfigurationPlatforms) = preSolution
		Debug|Any CPU = Debug|Any CPU
		Release|Any CPU = Release|Any CPU
	EndGlobalSection
	GlobalSection(ProjectConfigurationPlatforms) = postSolution
		{87BC9344-1A15-45EF-A389-3FD48E979ECD}.Debug|Any CPU.ActiveCfg = Debug|Any CPU
		{87BC9344-1A15-45EF-A389-3FD48E979ECD}.Debug|Any CPU.Build.0 = Debug|Any CPU
		{87BC9344-1A15-45EF-A389-3FD48E979ECD}.Release|Any CPU.ActiveCfg = Release|Any CPU
		{87BC9344-1A15-45EF-A389-3FD48E979ECD}.Release|Any CPU.Build.0 = Release|Any CPU
		{C3B52C32-EDAF-4CE5-9457-2EFC8B104102}.Debug|Any CPU.ActiveCfg = Debug|Any CPU
		{C3B52C32-EDAF-4CE5-9457-2EFC8B104102}.Debug|Any CPU.Build.0 = Debug|Any CPU
		{C3B52C32-EDAF-4CE5-9457-2EFC8B104102}.Release|Any CPU.ActiveCfg = Release|Any CPU
		{C3B52C32-EDAF-4CE5-9457-2EFC8B104102}.Release|Any CPU.Build.0 = Release|Any CPU
	EndGlobalSection
	GlobalSection(SolutionProperties) = preSolution
		HideSolutionNode = FALSE
	EndGlobalSection
	GlobalSection(ExtensibilityGlobals) = postSolution
		SolutionGuid = {20480B25-C5C9-41B9-811C-F413E88ECD29}
	EndGlobalSection
EndGlobal
